
Microsoft Visual Studio Solution File, Format Version 12.00
# Visual Studio Version 17
VisualStudioVersion = 17.14.36414.22 d17.14
MinimumVisualStudioVersion = 10.0.40219.1
Project("{FAE04EC0-301F-11D3-BF4B-00C04F79EFBC}") = "MenouCamera", "MenouCamera\MenouCamera.csproj", "{FF959D6B-3786-497C-90FF-3956A019BC40}"
EndProject
Global
	GlobalSection(SolutionConfigurationPlatforms) = preSolution
		Debug|Any CPU = Debug|Any CPU
		Release|Any CPU = Release|Any CPU
	EndGlobalSection
	GlobalSection(ProjectConfigurationPlatforms) = postSolution
		{FF959D6B-3786-497C-90FF-3956A019BC40}.Debug|Any CPU.ActiveCfg = Debug|Any CPU
		{FF959D6B-3786-497C-90FF-3956A019BC40}.Debug|Any CPU.Build.0 = Debug|Any CPU
		{FF959D6B-3786-497C-90FF-3956A019BC40}.Release|Any CPU.ActiveCfg = Release|Any CPU
		{FF959D6B-3786-497C-90FF-3956A019BC40}.Release|Any CPU.Build.0 = Release|Any CPU
	EndGlobalSection
	GlobalSection(SolutionProperties) = preSolution
		HideSolutionNode = FALSE
	EndGlobalSection
	GlobalSection(ExtensibilityGlobals) = postSolution
		SolutionGuid = {3E0B43DB-DEA1-4C30-BE1B-EF785AC200AB}
	EndGlobalSection
EndGlobal
